PODS:
  - Alamofire (4.0.1)
  - AlamofireObjectMapper (4.0.0):
    - Alamofire (~> 4.0)
    - ObjectMapper (~> 2.0)
  - ObjectMapper (2.2.0)
  - Realm (2.0.2):
    - Realm/Headers (= 2.0.2)
  - Realm/Headers (2.0.2)
  - RealmSwift (2.0.2):
    - Realm (= 2.0.2)

DEPENDENCIES:
  - Alamofire
  - AlamofireObjectMapper
  - RealmSwift

SPEC CHECKSUMS:
  Alamofire: 7682d43245de14874acd142ec137b144aa1dd335
  AlamofireObjectMapper: 9faa3ce5a240efda1b209009a2d6e1e949227abc
  ObjectMapper: 4060d739febae11ab0c6af8d786f98667c82e1bd
  Realm: 0f5a194af0b7e6158b83db41b4ee1a00be7ddf1a
  RealmSwift: 0eb5070d851cba7c66e841ca756d83609dc78bc8

PODFILE CHECKSUM: 391e6eb39cd57003b39e0d8d063ede8723289883

COCOAPODS: 1.1.0.rc.3
