// !$*UTF8*$!
{
	archiveVersion = 1;
	classes = {
	};
	objectVersion = 46;
	objects = {

/* Begin PBXBuildFile section */
		65C6A7C8E80A76489458049F /* Pods_BluedolphinPro.framework in Frameworks */ = {isa = PBXBuildFile; fileRef = AE78BE1830F43DAE65AB796C /* Pods_BluedolphinPro.framework */; };
		9902CF301DBE163A00692824 /* NetworkClass.swift in Sources */ = {isa = PBXBuildFile; fileRef = 9902CF2F1DBE163A00692824 /* NetworkClass.swift */; };
		9902CF501DBF31B900692824 /* UserModel.swift in Sources */ = {isa = PBXBuildFile; fileRef = 9902CF4F1DBF31B900692824 /* UserModel.swift */; };
		990411451E02738E002FCF53 /* PhotoViewController.swift in Sources */ = {isa = PBXBuildFile; fileRef = 990411441E02738E002FCF53 /* PhotoViewController.swift */; };
		990411471E027630002FCF53 /* GalleryViewController.swift in Sources */ = {isa = PBXBuildFile; fileRef = 990411461E027630002FCF53 /* GalleryViewController.swift */; };
		9904114A1E027655002FCF53 /* GalleryCollectionViewCell.swift in Sources */ = {isa = PBXBuildFile; fileRef = 990411481E027655002FCF53 /* GalleryCollectionViewCell.swift */; };
		9904114B1E027655002FCF53 /* GalleryCollectionViewCell.xib in Resources */ = {isa = PBXBuildFile; fileRef = 990411491E027655002FCF53 /* GalleryCollectionViewCell.xib */; };
		990935821E30DAC100A42108 /* SSRadioButton.swift in Sources */ = {isa = PBXBuildFile; fileRef = 990935801E30DAC100A42108 /* SSRadioButton.swift */; };
		990935831E30DAC100A42108 /* SSRadioButtonsController.swift in Sources */ = {isa = PBXBuildFile; fileRef = 990935811E30DAC100A42108 /* SSRadioButtonsController.swift */; };
		990BE8691E03F98A0038F0AF /* LoginModel.swift in Sources */ = {isa = PBXBuildFile; fileRef = 990BE8681E03F98A0038F0AF /* LoginModel.swift */; };
		990BE86B1E040BC10038F0AF /* RootViewController.swift in Sources */ = {isa = PBXBuildFile; fileRef = 990BE86A1E040BC10038F0AF /* RootViewController.swift */; };
		991536991DE6F95D0046254C /* AppConstant.swift in Sources */ = {isa = PBXBuildFile; fileRef = 991536981DE6F95D0046254C /* AppConstant.swift */; };
		991536C11DEBF8390046254C /* CustomNavView.swift in Sources */ = {isa = PBXBuildFile; fileRef = 991536C01DEBF8390046254C /* CustomNavView.swift */; };
		991536C51DEBFF810046254C /* SourceSansPro-Bold.ttf in Resources */ = {isa = PBXBuildFile; fileRef = 991536C31DEBFF810046254C /* SourceSansPro-Bold.ttf */; };
		991536C61DEBFF810046254C /* SourceSansPro-Regular.ttf in Resources */ = {isa = PBXBuildFile; fileRef = 991536C41DEBFF810046254C /* SourceSansPro-Regular.ttf */; };
		9918E87E1DDC2C30000376CF /* CheckinHolderClass.swift in Sources */ = {isa = PBXBuildFile; fileRef = 9918E87D1DDC2C30000376CF /* CheckinHolderClass.swift */; };
		9918E8811DDD7B42000376CF /* HomeViewController.swift in Sources */ = {isa = PBXBuildFile; fileRef = 9918E8801DDD7B42000376CF /* HomeViewController.swift */; };
		9918E8831DDD7C4E000376CF /* KeyChainWrapper.swift in Sources */ = {isa = PBXBuildFile; fileRef = 9918E8821DDD7C4E000376CF /* KeyChainWrapper.swift */; };
		9918E8851DDD9CF1000376CF /* ErrorMessage.swift in Sources */ = {isa = PBXBuildFile; fileRef = 9918E8841DDD9CF1000376CF /* ErrorMessage.swift */; };
		9919E1491E2CA0B800AB4944 /* BeaconObject.swift in Sources */ = {isa = PBXBuildFile; fileRef = 9919E1481E2CA0B800AB4944 /* BeaconObject.swift */; };
		9919E14B1E2CF93200AB4944 /* PopUpListView.swift in Sources */ = {isa = PBXBuildFile; fileRef = 9919E14A1E2CF93200AB4944 /* PopUpListView.swift */; };
		9919E14D1E2CF94C00AB4944 /* PopUpListView.xib in Resources */ = {isa = PBXBuildFile; fileRef = 9919E14C1E2CF94C00AB4944 /* PopUpListView.xib */; };
		9919E1771E2F96BE00AB4944 /* FilterViewController.swift in Sources */ = {isa = PBXBuildFile; fileRef = 9919E1761E2F96BE00AB4944 /* FilterViewController.swift */; };
		991A6D871DED5028004D1355 /* CommonFunction.swift in Sources */ = {isa = PBXBuildFile; fileRef = 991A6D861DED5028004D1355 /* CommonFunction.swift */; };
		991A6D891DED6EC8004D1355 /* AssignmentDetailViewController.swift in Sources */ = {isa = PBXBuildFile; fileRef = 991A6D881DED6EC7004D1355 /* AssignmentDetailViewController.swift */; };
		991A6D8B1DEEAEDB004D1355 /* TimeLineTableViewCell.swift in Sources */ = {isa = PBXBuildFile; fileRef = 991A6D8A1DEEAEDB004D1355 /* TimeLineTableViewCell.swift */; };
		991B468C1DF00AF10012D8DC /* LocalExtensions.swift in Sources */ = {isa = PBXBuildFile; fileRef = 991B468B1DF00AF10012D8DC /* LocalExtensions.swift */; };
		991B468E1DF027FA0012D8DC /* Loader.swift in Sources */ = {isa = PBXBuildFile; fileRef = 991B468D1DF027FA0012D8DC /* Loader.swift */; };
		991DCD0C1E7FF51D00A45E2E /* BaseAnaltyics.swift in Sources */ = {isa = PBXBuildFile; fileRef = 991DCD0B1E7FF51D00A45E2E /* BaseAnaltyics.swift */; };
		991DCD0E1E7FF6A800A45E2E /* BaseAnalticsViewController.swift in Sources */ = {isa = PBXBuildFile; fileRef = 991DCD0D1E7FF6A800A45E2E /* BaseAnalticsViewController.swift */; };
		991DCD131E8115E300A45E2E /* BarGraphTableViewCell.swift in Sources */ = {isa = PBXBuildFile; fileRef = 991DCD111E8115E300A45E2E /* BarGraphTableViewCell.swift */; };
		991DCD141E8115E300A45E2E /* BarGraphTableViewCell.xib in Resources */ = {isa = PBXBuildFile; fileRef = 991DCD121E8115E300A45E2E /* BarGraphTableViewCell.xib */; };
		991EE2641E3F0D1300E4A00D /* VicinityManager.swift in Sources */ = {isa = PBXBuildFile; fileRef = 991EE2631E3F0D1300E4A00D /* VicinityManager.swift */; };
		991F09331E0B069200539473 /* CreateAssignmentViewController.swift in Sources */ = {isa = PBXBuildFile; fileRef = 991F09321E0B069200539473 /* CreateAssignmentViewController.swift */; };
		992086A71DCCC0850055C6BF /* GlobalSDKFunction.swift in Sources */ = {isa = PBXBuildFile; fileRef = 992086A61DCCC0850055C6BF /* GlobalSDKFunction.swift */; };
		9931B53F1E5C6BCF002B79E6 /* iBeaconAdvertisement.swift in Sources */ = {isa = PBXBuildFile; fileRef = 9931B53E1E5C6BCF002B79E6 /* iBeaconAdvertisement.swift */; };
		9931B5431E5DA604002B79E6 /* VirtualViewController.swift in Sources */ = {isa = PBXBuildFile; fileRef = 9931B5421E5DA604002B79E6 /* VirtualViewController.swift */; };
		99339CFF1DE2C86000F3C770 /* CheckinObject.swift in Sources */ = {isa = PBXBuildFile; fileRef = 99339CFE1DE2C86000F3C770 /* CheckinObject.swift */; };
		99339D011DE2C8BA00F3C770 /* OauthObject.swift in Sources */ = {isa = PBXBuildFile; fileRef = 99339D001DE2C8BA00F3C770 /* OauthObject.swift */; };
		99339D031DE2D5B700F3C770 /* Enums.swift in Sources */ = {isa = PBXBuildFile; fileRef = 99339D021DE2D5B700F3C770 /* Enums.swift */; };
		99339F671DE5B38B00F3C770 /* AssignmentObject.swift in Sources */ = {isa = PBXBuildFile; fileRef = 99339F661DE5B38B00F3C770 /* AssignmentObject.swift */; };
		99339F6B1DE6D8AC00F3C770 /* AssignmentViewController.swift in Sources */ = {isa = PBXBuildFile; fileRef = 99339F6A1DE6D8AC00F3C770 /* AssignmentViewController.swift */; };
		99339F711DE6EE4C00F3C770 /* TabView.swift in Sources */ = {isa = PBXBuildFile; fileRef = 99339F701DE6EE4C00F3C770 /* TabView.swift */; };
		99369CF71DF036C200B405E4 /* MainViewController.swift in Sources */ = {isa = PBXBuildFile; fileRef = 99369CF61DF036C200B405E4 /* MainViewController.swift */; };
		994FF91C1DC8BA2E00276B97 /* CheckinModel.swift in Sources */ = {isa = PBXBuildFile; fileRef = 994FF91B1DC8BA2E00276B97 /* CheckinModel.swift */; };
		994FF91E1DC9B5D000276B97 /* AssignmentModel.swift in Sources */ = {isa = PBXBuildFile; fileRef = 994FF91D1DC9B5D000276B97 /* AssignmentModel.swift */; };
		994FF9201DCA173800276B97 /* Extensions.swift in Sources */ = {isa = PBXBuildFile; fileRef = 994FF91F1DCA173800276B97 /* Extensions.swift */; };
		994FF92C1DCB39DB00276B97 /* SDKSingelton.swift in Sources */ = {isa = PBXBuildFile; fileRef = 994FF92B1DCB39DB00276B97 /* SDKSingelton.swift */; };
		9971974B1DFE7E82008834DD /* SelfAssignmentViewController.swift in Sources */ = {isa = PBXBuildFile; fileRef = 9971974A1DFE7E82008834DD /* SelfAssignmentViewController.swift */; };
		997197501DFED115008834DD /* OTPView.swift in Sources */ = {isa = PBXBuildFile; fileRef = 9971974F1DFED115008834DD /* OTPView.swift */; };
		997197521DFED308008834DD /* OTPViewController.swift in Sources */ = {isa = PBXBuildFile; fileRef = 997197511DFED308008834DD /* OTPViewController.swift */; };
		998E46E81E0A3987001045A3 /* AssignmentHolderClass.swift in Sources */ = {isa = PBXBuildFile; fileRef = 998E46E71E0A3986001045A3 /* AssignmentHolderClass.swift */; };
		99927C311DFFC8C800131027 /* ScratchPad.swift in Sources */ = {isa = PBXBuildFile; fileRef = 99927C301DFFC8C800131027 /* ScratchPad.swift */; };
		99927C331DFFD38C00131027 /* AddNotesViewController.swift in Sources */ = {isa = PBXBuildFile; fileRef = 99927C321DFFD38C00131027 /* AddNotesViewController.swift */; };
		99927C351DFFD91700131027 /* SignatureViewController.swift in Sources */ = {isa = PBXBuildFile; fileRef = 99927C341DFFD91700131027 /* SignatureViewController.swift */; };
		99A2215E1DBF80C400E5F369 /* SdkConstant.swift in Sources */ = {isa = PBXBuildFile; fileRef = 99A2215D1DBF80C400E5F369 /* SdkConstant.swift */; };
		99A221601DC07B4E00E5F369 /* OauthModel.swift in Sources */ = {isa = PBXBuildFile; fileRef = 99A2215F1DC07B4E00E5F369 /* OauthModel.swift */; };
		99A273241E44B36600ABE746 /* AddressSearchViewController.swift in Sources */ = {isa = PBXBuildFile; fileRef = 99A273231E44B36600ABE746 /* AddressSearchViewController.swift */; };
		99A273261E44B54C00ABE746 /* GoogleHelper.swift in Sources */ = {isa = PBXBuildFile; fileRef = 99A273251E44B54C00ABE746 /* GoogleHelper.swift */; };
		99A509C81E0166BD00688FAF /* CustomPhotoAlbum.swift in Sources */ = {isa = PBXBuildFile; fileRef = 99A509C71E0166BD00688FAF /* CustomPhotoAlbum.swift */; };
		99A721B91DF7FF370059DFBB /* SearchViewController.swift in Sources */ = {isa = PBXBuildFile; fileRef = 99A721B81DF7FF370059DFBB /* SearchViewController.swift */; };
		99A721BC1DF83D890059DFBB /* AssignmentTableCell.swift in Sources */ = {isa = PBXBuildFile; fileRef = 99A721BA1DF83D890059DFBB /* AssignmentTableCell.swift */; };
		99A721BD1DF83D890059DFBB /* AssignmentTableCell.xib in Resources */ = {isa = PBXBuildFile; fileRef = 99A721BB1DF83D890059DFBB /* AssignmentTableCell.xib */; };
		99A721DF1DFA6EF00059DFBB /* AwsManager.swift in Sources */ = {isa = PBXBuildFile; fileRef = 99A721DE1DFA6EF00059DFBB /* AwsManager.swift */; };
		99A721E11DFAC4F70059DFBB /* BottomBar.swift in Sources */ = {isa = PBXBuildFile; fileRef = 99A721E01DFAC4F70059DFBB /* BottomBar.swift */; };
		99BD3E1D1DD326CA0066C07B /* CoreLocationManager.swift in Sources */ = {isa = PBXBuildFile; fileRef = 99BD3E1C1DD326C90066C07B /* CoreLocationManager.swift */; };
		99BD3E1F1DDAE95C0066C07B /* Reachability.swift in Sources */ = {isa = PBXBuildFile; fileRef = 99BD3E1E1DDAE95C0066C07B /* Reachability.swift */; };
		99CACFD81DB8A1590099AA00 /* AppDelegate.swift in Sources */ = {isa = PBXBuildFile; fileRef = 99CACFD71DB8A1590099AA00 /* AppDelegate.swift */; };
		99CACFDA1DB8A1590099AA00 /* ViewController.swift in Sources */ = {isa = PBXBuildFile; fileRef = 99CACFD91DB8A1590099AA00 /* ViewController.swift */; };
		99CACFDD1DB8A1590099AA00 /* Main.storyboard in Resources */ = {isa = PBXBuildFile; fileRef = 99CACFDB1DB8A1590099AA00 /* Main.storyboard */; };
		99CACFDF1DB8A1590099AA00 /* Assets.xcassets in Resources */ = {isa = PBXBuildFile; fileRef = 99CACFDE1DB8A1590099AA00 /* Assets.xcassets */; };
		99CACFE21DB8A1590099AA00 /* LaunchScreen.storyboard in Resources */ = {isa = PBXBuildFile; fileRef = 99CACFE01DB8A1590099AA00 /* LaunchScreen.storyboard */; };
		99CBC7BB1E23A630005F0D67 /* BluetoothManager.swift in Sources */ = {isa = PBXBuildFile; fileRef = 99CBC7B81E23A630005F0D67 /* BluetoothManager.swift */; };
		99CBC7BC1E23A630005F0D67 /* Ibeacon.swift in Sources */ = {isa = PBXBuildFile; fileRef = 99CBC7B91E23A630005F0D67 /* Ibeacon.swift */; };
		99CBC7BD1E23A630005F0D67 /* IbeaconManager.swift in Sources */ = {isa = PBXBuildFile; fileRef = 99CBC7BA1E23A630005F0D67 /* IbeaconManager.swift */; };
		99DDC1A31DF6BA4B001BD0DB /* PlaceMarker.swift in Sources */ = {isa = PBXBuildFile; fileRef = 99DDC1A21DF6BA4B001BD0DB /* PlaceMarker.swift */; };
		99DE94781E9C9E0C00590047 /* BluedolphinManager.swift in Sources */ = {isa = PBXBuildFile; fileRef = 99DE94771E9C9E0C00590047 /* BluedolphinManager.swift */; };
		99EB0EB01E373354000CF3B1 /* ProjectSingelton.swift in Sources */ = {isa = PBXBuildFile; fileRef = 99EB0EAF1E373354000CF3B1 /* ProjectSingelton.swift */; };
		99EBC8A31E7A71DF00D02EC0 /* DraftObject.swift in Sources */ = {isa = PBXBuildFile; fileRef = 99EBC8A21E7A71DF00D02EC0 /* DraftObject.swift */; };
		99EBC8A51E7BB67300D02EC0 /* DraftTableViewController.swift in Sources */ = {isa = PBXBuildFile; fileRef = 99EBC8A41E7BB67300D02EC0 /* DraftTableViewController.swift */; };
		99F2CD141E8BB0DD00B2ECA7 /* MarkAttendanceViewController.swift in Sources */ = {isa = PBXBuildFile; fileRef = 99F2CD131E8BB0DD00B2ECA7 /* MarkAttendanceViewController.swift */; };
/* End PBXBuildFile section */

/* Begin PBXFileReference section */
		0C01FAD6D9C2AEE2E69FE6D7 /* Pods-BluedolphinPro.debug.xcconfig */ = {isa = PBXFileReference; includeInIndex = 1; lastKnownFileType = text.xcconfig; name = "Pods-BluedolphinPro.debug.xcconfig"; path = "Pods/Target Support Files/Pods-BluedolphinPro/Pods-BluedolphinPro.debug.xcconfig"; sourceTree = "<group>"; };
		9902CF2F1DBE163A00692824 /* NetworkClass.swift */ = {isa = PBXFileReference; fileEncoding = 4; lastKnownFileType = sourcecode.swift; path = NetworkClass.swift; sourceTree = "<group>"; };
		9902CF4F1DBF31B900692824 /* UserModel.swift */ = {isa = PBXFileReference; fileEncoding = 4; lastKnownFileType = sourcecode.swift; path = UserModel.swift; sourceTree = "<group>"; };
		990411441E02738E002FCF53 /* PhotoViewController.swift */ = {isa = PBXFileReference; fileEncoding = 4; lastKnownFileType = sourcecode.swift; path = PhotoViewController.swift; sourceTree = "<group>"; };
		990411461E027630002FCF53 /* GalleryViewController.swift */ = {isa = PBXFileReference; fileEncoding = 4; lastKnownFileType = sourcecode.swift; path = GalleryViewController.swift; sourceTree = "<group>"; };
		990411481E027655002FCF53 /* GalleryCollectionViewCell.swift */ = {isa = PBXFileReference; fileEncoding = 4; lastKnownFileType = sourcecode.swift; path = GalleryCollectionViewCell.swift; sourceTree = "<group>"; };
		990411491E027655002FCF53 /* GalleryCollectionViewCell.xib */ = {isa = PBXFileReference; fileEncoding = 4; lastKnownFileType = file.xib; path = GalleryCollectionViewCell.xib; sourceTree = "<group>"; };
		990935801E30DAC100A42108 /* SSRadioButton.swift */ = {isa = PBXFileReference; fileEncoding = 4; lastKnownFileType = sourcecode.swift; path = SSRadioButton.swift; sourceTree = "<group>"; };
		990935811E30DAC100A42108 /* SSRadioButtonsController.swift */ = {isa = PBXFileReference; fileEncoding = 4; lastKnownFileType = sourcecode.swift; path = SSRadioButtonsController.swift; sourceTree = "<group>"; };
		990BE8681E03F98A0038F0AF /* LoginModel.swift */ = {isa = PBXFileReference; fileEncoding = 4; lastKnownFileType = sourcecode.swift; path = LoginModel.swift; sourceTree = "<group>"; };
		990BE86A1E040BC10038F0AF /* RootViewController.swift */ = {isa = PBXFileReference; fileEncoding = 4; lastKnownFileType = sourcecode.swift; path = RootViewController.swift; sourceTree = "<group>"; };
		991536981DE6F95D0046254C /* AppConstant.swift */ = {isa = PBXFileReference; fileEncoding = 4; lastKnownFileType = sourcecode.swift; path = AppConstant.swift; sourceTree = "<group>"; };
		991536C01DEBF8390046254C /* CustomNavView.swift */ = {isa = PBXFileReference; fileEncoding = 4; lastKnownFileType = sourcecode.swift; path = CustomNavView.swift; sourceTree = "<group>"; };
		991536C31DEBFF810046254C /* SourceSansPro-Bold.ttf */ = {isa = PBXFileReference; lastKnownFileType = file; path = "SourceSansPro-Bold.ttf"; sourceTree = "<group>"; };
		991536C41DEBFF810046254C /* SourceSansPro-Regular.ttf */ = {isa = PBXFileReference; lastKnownFileType = file; path = "SourceSansPro-Regular.ttf"; sourceTree = "<group>"; };
		9918E87D1DDC2C30000376CF /* CheckinHolderClass.swift */ = {isa = PBXFileReference; fileEncoding = 4; lastKnownFileType = sourcecode.swift; path = CheckinHolderClass.swift; sourceTree = "<group>"; };
		9918E87F1DDC7C59000376CF /* BluedolphinPro.entitlements */ = {isa = PBXFileReference; lastKnownFileType = text.plist.entitlements; path = BluedolphinPro.entitlements; sourceTree = "<group>"; };
		9918E8801DDD7B42000376CF /* HomeViewController.swift */ = {isa = PBXFileReference; fileEncoding = 4; lastKnownFileType = sourcecode.swift; path = HomeViewController.swift; sourceTree = "<group>"; };
		9918E8821DDD7C4E000376CF /* KeyChainWrapper.swift */ = {isa = PBXFileReference; fileEncoding = 4; lastKnownFileType = sourcecode.swift; path = KeyChainWrapper.swift; sourceTree = "<group>"; };
		9918E8841DDD9CF1000376CF /* ErrorMessage.swift */ = {isa = PBXFileReference; fileEncoding = 4; lastKnownFileType = sourcecode.swift; path = ErrorMessage.swift; sourceTree = "<group>"; };
		9919E1481E2CA0B800AB4944 /* BeaconObject.swift */ = {isa = PBXFileReference; fileEncoding = 4; lastKnownFileType = sourcecode.swift; path = BeaconObject.swift; sourceTree = "<group>"; };
		9919E14A1E2CF93200AB4944 /* PopUpListView.swift */ = {isa = PBXFileReference; fileEncoding = 4; lastKnownFileType = sourcecode.swift; path = PopUpListView.swift; sourceTree = "<group>"; };
		9919E14C1E2CF94C00AB4944 /* PopUpListView.xib */ = {isa = PBXFileReference; fileEncoding = 4; lastKnownFileType = file.xib; path = PopUpListView.xib; sourceTree = "<group>"; };
		9919E1761E2F96BE00AB4944 /* FilterViewController.swift */ = {isa = PBXFileReference; fileEncoding = 4; lastKnownFileType = sourcecode.swift; path = FilterViewController.swift; sourceTree = "<group>"; };
		991A6D861DED5028004D1355 /* CommonFunction.swift */ = {isa = PBXFileReference; fileEncoding = 4; lastKnownFileType = sourcecode.swift; path = CommonFunction.swift; sourceTree = "<group>"; };
		991A6D881DED6EC7004D1355 /* AssignmentDetailViewController.swift */ = {isa = PBXFileReference; fileEncoding = 4; lastKnownFileType = sourcecode.swift; path = AssignmentDetailViewController.swift; sourceTree = "<group>"; };
		991A6D8A1DEEAEDB004D1355 /* TimeLineTableViewCell.swift */ = {isa = PBXFileReference; fileEncoding = 4; lastKnownFileType = sourcecode.swift; path = TimeLineTableViewCell.swift; sourceTree = "<group>"; };
		991B468B1DF00AF10012D8DC /* LocalExtensions.swift */ = {isa = PBXFileReference; fileEncoding = 4; lastKnownFileType = sourcecode.swift; path = LocalExtensions.swift; sourceTree = "<group>"; };
		991B468D1DF027FA0012D8DC /* Loader.swift */ = {isa = PBXFileReference; fileEncoding = 4; lastKnownFileType = sourcecode.swift; path = Loader.swift; sourceTree = "<group>"; };
		991DCD0B1E7FF51D00A45E2E /* BaseAnaltyics.swift */ = {isa = PBXFileReference; fileEncoding = 4; lastKnownFileType = sourcecode.swift; path = BaseAnaltyics.swift; sourceTree = "<group>"; };
		991DCD0D1E7FF6A800A45E2E /* BaseAnalticsViewController.swift */ = {isa = PBXFileReference; fileEncoding = 4; lastKnownFileType = sourcecode.swift; path = BaseAnalticsViewController.swift; sourceTree = "<group>"; };
		991DCD111E8115E300A45E2E /* BarGraphTableViewCell.swift */ = {isa = PBXFileReference; fileEncoding = 4; lastKnownFileType = sourcecode.swift; path = BarGraphTableViewCell.swift; sourceTree = "<group>"; };
		991DCD121E8115E300A45E2E /* BarGraphTableViewCell.xib */ = {isa = PBXFileReference; fileEncoding = 4; lastKnownFileType = file.xib; path = BarGraphTableViewCell.xib; sourceTree = "<group>"; };
		991EE2631E3F0D1300E4A00D /* VicinityManager.swift */ = {isa = PBXFileReference; fileEncoding = 4; lastKnownFileType = sourcecode.swift; path = VicinityManager.swift; sourceTree = "<group>"; };
		991F09321E0B069200539473 /* CreateAssignmentViewController.swift */ = {isa = PBXFileReference; fileEncoding = 4; lastKnownFileType = sourcecode.swift; path = CreateAssignmentViewController.swift; sourceTree = "<group>"; };
		992086A61DCCC0850055C6BF /* GlobalSDKFunction.swift */ = {isa = PBXFileReference; fileEncoding = 4; lastKnownFileType = sourcecode.swift; path = GlobalSDKFunction.swift; sourceTree = "<group>"; };
		9931B53E1E5C6BCF002B79E6 /* iBeaconAdvertisement.swift */ = {isa = PBXFileReference; fileEncoding = 4; lastKnownFileType = sourcecode.swift; name = iBeaconAdvertisement.swift; path = ../iBeaconAdvertisement.swift; sourceTree = "<group>"; };
		9931B5421E5DA604002B79E6 /* VirtualViewController.swift */ = {isa = PBXFileReference; fileEncoding = 4; lastKnownFileType = sourcecode.swift; path = VirtualViewController.swift; sourceTree = "<group>"; };
		99339CFE1DE2C86000F3C770 /* CheckinObject.swift */ = {isa = PBXFileReference; fileEncoding = 4; lastKnownFileType = sourcecode.swift; path = CheckinObject.swift; sourceTree = "<group>"; };
		99339D001DE2C8BA00F3C770 /* OauthObject.swift */ = {isa = PBXFileReference; fileEncoding = 4; lastKnownFileType = sourcecode.swift; path = OauthObject.swift; sourceTree = "<group>"; };
		99339D021DE2D5B700F3C770 /* Enums.swift */ = {isa = PBXFileReference; fileEncoding = 4; lastKnownFileType = sourcecode.swift; path = Enums.swift; sourceTree = "<group>"; };
		99339F661DE5B38B00F3C770 /* AssignmentObject.swift */ = {isa = PBXFileReference; fileEncoding = 4; lastKnownFileType = sourcecode.swift; path = AssignmentObject.swift; sourceTree = "<group>"; };
		99339F6A1DE6D8AC00F3C770 /* AssignmentViewController.swift */ = {isa = PBXFileReference; fileEncoding = 4; lastKnownFileType = sourcecode.swift; path = AssignmentViewController.swift; sourceTree = "<group>"; };
		99339F701DE6EE4C00F3C770 /* TabView.swift */ = {isa = PBXFileReference; fileEncoding = 4; lastKnownFileType = sourcecode.swift; path = TabView.swift; sourceTree = "<group>"; };
		99369CF61DF036C200B405E4 /* MainViewController.swift */ = {isa = PBXFileReference; fileEncoding = 4; lastKnownFileType = sourcecode.swift; path = MainViewController.swift; sourceTree = "<group>"; };
		994FF91B1DC8BA2E00276B97 /* CheckinModel.swift */ = {isa = PBXFileReference; fileEncoding = 4; lastKnownFileType = sourcecode.swift; path = CheckinModel.swift; sourceTree = "<group>"; };
		994FF91D1DC9B5D000276B97 /* AssignmentModel.swift */ = {isa = PBXFileReference; fileEncoding = 4; lastKnownFileType = sourcecode.swift; path = AssignmentModel.swift; sourceTree = "<group>"; };
		994FF91F1DCA173800276B97 /* Extensions.swift */ = {isa = PBXFileReference; fileEncoding = 4; lastKnownFileType = sourcecode.swift; path = Extensions.swift; sourceTree = "<group>"; };
		994FF92B1DCB39DB00276B97 /* SDKSingelton.swift */ = {isa = PBXFileReference; fileEncoding = 4; lastKnownFileType = sourcecode.swift; path = SDKSingelton.swift; sourceTree = "<group>"; };
		9971974A1DFE7E82008834DD /* SelfAssignmentViewController.swift */ = {isa = PBXFileReference; fileEncoding = 4; lastKnownFileType = sourcecode.swift; path = SelfAssignmentViewController.swift; sourceTree = "<group>"; };
		9971974C1DFE846A008834DD /* BluedolphinPro-Bridging-Header.h */ = {isa = PBXFileReference; lastKnownFileType = sourcecode.c.h; path = "BluedolphinPro-Bridging-Header.h"; sourceTree = "<group>"; };
		9971974F1DFED115008834DD /* OTPView.swift */ = {isa = PBXFileReference; fileEncoding = 4; lastKnownFileType = sourcecode.swift; path = OTPView.swift; sourceTree = "<group>"; };
		997197511DFED308008834DD /* OTPViewController.swift */ = {isa = PBXFileReference; fileEncoding = 4; lastKnownFileType = sourcecode.swift; path = OTPViewController.swift; sourceTree = "<group>"; };
		998E46E71E0A3986001045A3 /* AssignmentHolderClass.swift */ = {isa = PBXFileReference; fileEncoding = 4; lastKnownFileType = sourcecode.swift; path = AssignmentHolderClass.swift; sourceTree = "<group>"; };
		99927C301DFFC8C800131027 /* ScratchPad.swift */ = {isa = PBXFileReference; fileEncoding = 4; lastKnownFileType = sourcecode.swift; path = ScratchPad.swift; sourceTree = "<group>"; };
		99927C321DFFD38C00131027 /* AddNotesViewController.swift */ = {isa = PBXFileReference; fileEncoding = 4; lastKnownFileType = sourcecode.swift; path = AddNotesViewController.swift; sourceTree = "<group>"; };
		99927C341DFFD91700131027 /* SignatureViewController.swift */ = {isa = PBXFileReference; fileEncoding = 4; lastKnownFileType = sourcecode.swift; path = SignatureViewController.swift; sourceTree = "<group>"; };
		99A2215D1DBF80C400E5F369 /* SdkConstant.swift */ = {isa = PBXFileReference; fileEncoding = 4; lastKnownFileType = sourcecode.swift; path = SdkConstant.swift; sourceTree = "<group>"; };
		99A2215F1DC07B4E00E5F369 /* OauthModel.swift */ = {isa = PBXFileReference; fileEncoding = 4; lastKnownFileType = sourcecode.swift; path = OauthModel.swift; sourceTree = "<group>"; };
		99A273231E44B36600ABE746 /* AddressSearchViewController.swift */ = {isa = PBXFileReference; fileEncoding = 4; lastKnownFileType = sourcecode.swift; path = AddressSearchViewController.swift; sourceTree = "<group>"; };
		99A273251E44B54C00ABE746 /* GoogleHelper.swift */ = {isa = PBXFileReference; fileEncoding = 4; lastKnownFileType = sourcecode.swift; path = GoogleHelper.swift; sourceTree = "<group>"; };
		99A509C71E0166BD00688FAF /* CustomPhotoAlbum.swift */ = {isa = PBXFileReference; fileEncoding = 4; lastKnownFileType = sourcecode.swift; path = CustomPhotoAlbum.swift; sourceTree = "<group>"; };
		99A721B81DF7FF370059DFBB /* SearchViewController.swift */ = {isa = PBXFileReference; fileEncoding = 4; lastKnownFileType = sourcecode.swift; path = SearchViewController.swift; sourceTree = "<group>"; };
		99A721BA1DF83D890059DFBB /* AssignmentTableCell.swift */ = {isa = PBXFileReference; fileEncoding = 4; lastKnownFileType = sourcecode.swift; path = AssignmentTableCell.swift; sourceTree = "<group>"; };
		99A721BB1DF83D890059DFBB /* AssignmentTableCell.xib */ = {isa = PBXFileReference; fileEncoding = 4; lastKnownFileType = file.xib; path = AssignmentTableCell.xib; sourceTree = "<group>"; };
		99A721DE1DFA6EF00059DFBB /* AwsManager.swift */ = {isa = PBXFileReference; fileEncoding = 4; lastKnownFileType = sourcecode.swift; path = AwsManager.swift; sourceTree = "<group>"; };
		99A721E01DFAC4F70059DFBB /* BottomBar.swift */ = {isa = PBXFileReference; fileEncoding = 4; lastKnownFileType = sourcecode.swift; path = BottomBar.swift; sourceTree = "<group>"; };
		99BD3E1C1DD326C90066C07B /* CoreLocationManager.swift */ = {isa = PBXFileReference; fileEncoding = 4; lastKnownFileType = sourcecode.swift; path = CoreLocationManager.swift; sourceTree = "<group>"; };
		99BD3E1E1DDAE95C0066C07B /* Reachability.swift */ = {isa = PBXFileReference; fileEncoding = 4; lastKnownFileType = sourcecode.swift; path = Reachability.swift; sourceTree = "<group>"; };
		99CACFD41DB8A1590099AA00 /* BluedolphinPro.app */ = {isa = PBXFileReference; explicitFileType = wrapper.application; includeInIndex = 0; path = BluedolphinPro.app; sourceTree = BUILT_PRODUCTS_DIR; };
		99CACFD71DB8A1590099AA00 /* AppDelegate.swift */ = {isa = PBXFileReference; lastKnownFileType = sourcecode.swift; path = AppDelegate.swift; sourceTree = "<group>"; };
		99CACFD91DB8A1590099AA00 /* ViewController.swift */ = {isa = PBXFileReference; lastKnownFileType = sourcecode.swift; path = ViewController.swift; sourceTree = "<group>"; };
		99CACFDC1DB8A1590099AA00 /* Base */ = {isa = PBXFileReference; lastKnownFileType = file.storyboard; name = Base; path = Base.lproj/Main.storyboard; sourceTree = "<group>"; };
		99CACFDE1DB8A1590099AA00 /* Assets.xcassets */ = {isa = PBXFileReference; lastKnownFileType = folder.assetcatalog; path = Assets.xcassets; sourceTree = "<group>"; };
		99CACFE11DB8A1590099AA00 /* Base */ = {isa = PBXFileReference; lastKnownFileType = file.storyboard; name = Base; path = Base.lproj/LaunchScreen.storyboard; sourceTree = "<group>"; };
		99CACFE31DB8A1590099AA00 /* Info.plist */ = {isa = PBXFileReference; lastKnownFileType = text.plist.xml; path = Info.plist; sourceTree = "<group>"; };
		99CBC7B81E23A630005F0D67 /* BluetoothManager.swift */ = {isa = PBXFileReference; fileEncoding = 4; lastKnownFileType = sourcecode.swift; path = BluetoothManager.swift; sourceTree = "<group>"; };
		99CBC7B91E23A630005F0D67 /* Ibeacon.swift */ = {isa = PBXFileReference; fileEncoding = 4; lastKnownFileType = sourcecode.swift; path = Ibeacon.swift; sourceTree = "<group>"; };
		99CBC7BA1E23A630005F0D67 /* IbeaconManager.swift */ = {isa = PBXFileReference; fileEncoding = 4; lastKnownFileType = sourcecode.swift; path = IbeaconManager.swift; sourceTree = "<group>"; };
		99DDC1A21DF6BA4B001BD0DB /* PlaceMarker.swift */ = {isa = PBXFileReference; fileEncoding = 4; lastKnownFileType = sourcecode.swift; path = PlaceMarker.swift; sourceTree = "<group>"; };
		99DE94771E9C9E0C00590047 /* BluedolphinManager.swift */ = {isa = PBXFileReference; fileEncoding = 4; lastKnownFileType = sourcecode.swift; name = BluedolphinManager.swift; path = ../../Controllers/BluedolphinManager.swift; sourceTree = "<group>"; };
		99EB0EAF1E373354000CF3B1 /* ProjectSingelton.swift */ = {isa = PBXFileReference; fileEncoding = 4; lastKnownFileType = sourcecode.swift; path = ProjectSingelton.swift; sourceTree = "<group>"; };
		99EBC8A21E7A71DF00D02EC0 /* DraftObject.swift */ = {isa = PBXFileReference; fileEncoding = 4; lastKnownFileType = sourcecode.swift; path = DraftObject.swift; sourceTree = "<group>"; };
		99EBC8A41E7BB67300D02EC0 /* DraftTableViewController.swift */ = {isa = PBXFileReference; fileEncoding = 4; lastKnownFileType = sourcecode.swift; path = DraftTableViewController.swift; sourceTree = "<group>"; };
		99F2CD131E8BB0DD00B2ECA7 /* MarkAttendanceViewController.swift */ = {isa = PBXFileReference; fileEncoding = 4; lastKnownFileType = sourcecode.swift; name = MarkAttendanceViewController.swift; path = BluedolphinPro/Controllers/MarkAttendanceViewController.swift; sourceTree = SOURCE_ROOT; };
		AE78BE1830F43DAE65AB796C /* Pods_BluedolphinPro.framework */ = {isa = PBXFileReference; explicitFileType = wrapper.framework; includeInIndex = 0; path = Pods_BluedolphinPro.framework; sourceTree = BUILT_PRODUCTS_DIR; };
		E3E49E2482600D4C1E724C7E /* Pods-BluedolphinPro.release.xcconfig */ = {isa = PBXFileReference; includeInIndex = 1; lastKnownFileType = text.xcconfig; name = "Pods-BluedolphinPro.release.xcconfig"; path = "Pods/Target Support Files/Pods-BluedolphinPro/Pods-BluedolphinPro.release.xcconfig"; sourceTree = "<group>"; };
/* End PBXFileReference section */

/* Begin PBXFrameworksBuildPhase section */
		99CACFD11DB8A1590099AA00 /* Frameworks */ = {
			isa = PBXFrameworksBuildPhase;
			buildActionMask = 2147483647;
			files = (
				65C6A7C8E80A76489458049F /* Pods_BluedolphinPro.framework in Frameworks */,
			);
			runOnlyForDeploymentPostprocessing = 0;
		};
/* End PBXFrameworksBuildPhase section */

/* Begin PBXGroup section */
		8F2354312AF6AAB253C41A27 /* Frameworks */ = {
			isa = PBXGroup;
			children = (
				AE78BE1830F43DAE65AB796C /* Pods_BluedolphinPro.framework */,
			);
			name = Frameworks;
			sourceTree = "<group>";
		};
		9904114C1E03B613002FCF53 /* Checkins */ = {
			isa = PBXGroup;
			children = (
				9918E87D1DDC2C30000376CF /* CheckinHolderClass.swift */,
				994FF91B1DC8BA2E00276B97 /* CheckinModel.swift */,
				99339CFE1DE2C86000F3C770 /* CheckinObject.swift */,
			);
			path = Checkins;
			sourceTree = "<group>";
		};
		9904114D1E03B620002FCF53 /* Assignments */ = {
			isa = PBXGroup;
			children = (
				998E46E71E0A3986001045A3 /* AssignmentHolderClass.swift */,
				994FF91D1DC9B5D000276B97 /* AssignmentModel.swift */,
				99339F661DE5B38B00F3C770 /* AssignmentObject.swift */,
			);
			path = Assignments;
			sourceTree = "<group>";
		};
		991536C21DEBFF810046254C /* Font */ = {
			isa = PBXGroup;
			children = (
				991536C31DEBFF810046254C /* SourceSansPro-Bold.ttf */,
				991536C41DEBFF810046254C /* SourceSansPro-Regular.ttf */,
			);
			path = Font;
			sourceTree = "<group>";
		};
		991B46821DEFED800012D8DC /* Controllers */ = {
			isa = PBXGroup;
			children = (
				9931B5421E5DA604002B79E6 /* VirtualViewController.swift */,
				99927C321DFFD38C00131027 /* AddNotesViewController.swift */,
				991A6D881DED6EC7004D1355 /* AssignmentDetailViewController.swift */,
				99339F6A1DE6D8AC00F3C770 /* AssignmentViewController.swift */,
				991F09321E0B069200539473 /* CreateAssignmentViewController.swift */,
				9919E1761E2F96BE00AB4944 /* FilterViewController.swift */,
				990411461E027630002FCF53 /* GalleryViewController.swift */,
				9918E8801DDD7B42000376CF /* HomeViewController.swift */,
				99369CF61DF036C200B405E4 /* MainViewController.swift */,
				997197511DFED308008834DD /* OTPViewController.swift */,
				990411441E02738E002FCF53 /* PhotoViewController.swift */,
				990BE86A1E040BC10038F0AF /* RootViewController.swift */,
				99A721B81DF7FF370059DFBB /* SearchViewController.swift */,
				99F2CD131E8BB0DD00B2ECA7 /* MarkAttendanceViewController.swift */,
				9971974A1DFE7E82008834DD /* SelfAssignmentViewController.swift */,
				99927C341DFFD91700131027 /* SignatureViewController.swift */,
				99CACFD91DB8A1590099AA00 /* ViewController.swift */,
				99A273231E44B36600ABE746 /* AddressSearchViewController.swift */,
				99EBC8A41E7BB67300D02EC0 /* DraftTableViewController.swift */,
				991DCD0D1E7FF6A800A45E2E /* BaseAnalticsViewController.swift */,
			);
			path = Controllers;
			sourceTree = "<group>";
		};
		991B46831DEFED8B0012D8DC /* AppDelegate */ = {
			isa = PBXGroup;
			children = (
				99CACFD71DB8A1590099AA00 /* AppDelegate.swift */,
			);
			path = AppDelegate;
			sourceTree = "<group>";
		};
		991B46841DEFEDAD0012D8DC /* Views */ = {
			isa = PBXGroup;
			children = (
				99A721E01DFAC4F70059DFBB /* BottomBar.swift */,
				991536C01DEBF8390046254C /* CustomNavView.swift */,
				991B468D1DF027FA0012D8DC /* Loader.swift */,
				9971974F1DFED115008834DD /* OTPView.swift */,
				99DDC1A21DF6BA4B001BD0DB /* PlaceMarker.swift */,
				9919E14A1E2CF93200AB4944 /* PopUpListView.swift */,
				9919E14C1E2CF94C00AB4944 /* PopUpListView.xib */,
				990935801E30DAC100A42108 /* SSRadioButton.swift */,
				990935811E30DAC100A42108 /* SSRadioButtonsController.swift */,
				99927C301DFFC8C800131027 /* ScratchPad.swift */,
				99339F701DE6EE4C00F3C770 /* TabView.swift */,
			);
			path = Views;
			sourceTree = "<group>";
		};
		991B46851DEFEDC00012D8DC /* TableViewCell */ = {
			isa = PBXGroup;
			children = (
				99A721BA1DF83D890059DFBB /* AssignmentTableCell.swift */,
				99A721BB1DF83D890059DFBB /* AssignmentTableCell.xib */,
				990411481E027655002FCF53 /* GalleryCollectionViewCell.swift */,
				990411491E027655002FCF53 /* GalleryCollectionViewCell.xib */,
				991A6D8A1DEEAEDB004D1355 /* TimeLineTableViewCell.swift */,
				991DCD111E8115E300A45E2E /* BarGraphTableViewCell.swift */,
				991DCD121E8115E300A45E2E /* BarGraphTableViewCell.xib */,
			);
			path = TableViewCell;
			sourceTree = "<group>";
		};
		991B46861DEFEDD20012D8DC /* Common */ = {
			isa = PBXGroup;
			children = (
				99A273251E44B54C00ABE746 /* GoogleHelper.swift */,
				991536981DE6F95D0046254C /* AppConstant.swift */,
				991A6D861DED5028004D1355 /* CommonFunction.swift */,
				99A509C71E0166BD00688FAF /* CustomPhotoAlbum.swift */,
				991B468B1DF00AF10012D8DC /* LocalExtensions.swift */,
				99EB0EAF1E373354000CF3B1 /* ProjectSingelton.swift */,
			);
			path = Common;
			sourceTree = "<group>";
		};
		991B46871DEFEDF80012D8DC /* StoryBoard */ = {
			isa = PBXGroup;
			children = (
				99CACFE01DB8A1590099AA00 /* LaunchScreen.storyboard */,
				99CACFDB1DB8A1590099AA00 /* Main.storyboard */,
			);
			path = StoryBoard;
			sourceTree = "<group>";
		};
		991B46881DEFEE0E0012D8DC /* Wired */ = {
			isa = PBXGroup;
			children = (
				99CACFDE1DB8A1590099AA00 /* Assets.xcassets */,
				9971974C1DFE846A008834DD /* BluedolphinPro-Bridging-Header.h */,
				9918E87F1DDC7C59000376CF /* BluedolphinPro.entitlements */,
				99CACFE31DB8A1590099AA00 /* Info.plist */,
			);
			path = Wired;
			sourceTree = "<group>";
		};
		991EE2651E40872500E4A00D /* Helpers */ = {
			isa = PBXGroup;
			children = (
				99A721DE1DFA6EF00059DFBB /* AwsManager.swift */,
				99BD3E1C1DD326C90066C07B /* CoreLocationManager.swift */,
				99339D021DE2D5B700F3C770 /* Enums.swift */,
				9918E8841DDD9CF1000376CF /* ErrorMessage.swift */,
				994FF91F1DCA173800276B97 /* Extensions.swift */,
				992086A61DCCC0850055C6BF /* GlobalSDKFunction.swift */,
				9918E8821DDD7C4E000376CF /* KeyChainWrapper.swift */,
				9902CF2F1DBE163A00692824 /* NetworkClass.swift */,
				99BD3E1E1DDAE95C0066C07B /* Reachability.swift */,
				994FF92B1DCB39DB00276B97 /* SDKSingelton.swift */,
				99A2215D1DBF80C400E5F369 /* SdkConstant.swift */,
			);
			path = Helpers;
			sourceTree = "<group>";
		};
		991EE2661E40873700E4A00D /* Login */ = {
			isa = PBXGroup;
			children = (
				990BE8681E03F98A0038F0AF /* LoginModel.swift */,
				9902CF4F1DBF31B900692824 /* UserModel.swift */,
			);
			path = Login;
			sourceTree = "<group>";
		};
		99339CFD1DE2C61C00F3C770 /* Sdk */ = {
			isa = PBXGroup;
			children = (
				9904114D1E03B620002FCF53 /* Assignments */,
				99D5470C1E0BB11D0087193B /* Auth */,
				9904114C1E03B613002FCF53 /* Checkins */,
				991EE2651E40872500E4A00D /* Helpers */,
				99CBC7BE1E23A638005F0D67 /* Ibeacon */,
				991EE2661E40873700E4A00D /* Login */,
				99EBC8A21E7A71DF00D02EC0 /* DraftObject.swift */,
				991DCD0B1E7FF51D00A45E2E /* BaseAnaltyics.swift */,
			);
			path = Sdk;
			sourceTree = "<group>";
		};
		99CACFCB1DB8A1590099AA00 = {
			isa = PBXGroup;
			children = (
				99CACFD61DB8A1590099AA00 /* BluedolphinPro */,
				8F2354312AF6AAB253C41A27 /* Frameworks */,
				B4EDE623195A4E756F473A90 /* Pods */,
				99CACFD51DB8A1590099AA00 /* Products */,
			);
			sourceTree = "<group>";
		};
		99CACFD51DB8A1590099AA00 /* Products */ = {
			isa = PBXGroup;
			children = (
				99CACFD41DB8A1590099AA00 /* BluedolphinPro.app */,
			);
			name = Products;
			sourceTree = "<group>";
		};
		99CACFD61DB8A1590099AA00 /* BluedolphinPro */ = {
			isa = PBXGroup;
			children = (
				991B46831DEFED8B0012D8DC /* AppDelegate */,
				991B46861DEFEDD20012D8DC /* Common */,
				991B46821DEFED800012D8DC /* Controllers */,
				991536C21DEBFF810046254C /* Font */,
				99339CFD1DE2C61C00F3C770 /* Sdk */,
				991B46871DEFEDF80012D8DC /* StoryBoard */,
				991B46851DEFEDC00012D8DC /* TableViewCell */,
				991B46841DEFEDAD0012D8DC /* Views */,
				991B46881DEFEE0E0012D8DC /* Wired */,
			);
			path = BluedolphinPro;
			sourceTree = "<group>";
		};
		99CBC7BE1E23A638005F0D67 /* Ibeacon */ = {
			isa = PBXGroup;
			children = (
				99DE94771E9C9E0C00590047 /* BluedolphinManager.swift */,
				9931B53E1E5C6BCF002B79E6 /* iBeaconAdvertisement.swift */,
				9919E1481E2CA0B800AB4944 /* BeaconObject.swift */,
				99CBC7B81E23A630005F0D67 /* BluetoothManager.swift */,
				99CBC7B91E23A630005F0D67 /* Ibeacon.swift */,
				99CBC7BA1E23A630005F0D67 /* IbeaconManager.swift */,
				991EE2631E3F0D1300E4A00D /* VicinityManager.swift */,
			);
			path = Ibeacon;
			sourceTree = "<group>";
		};
		99D5470C1E0BB11D0087193B /* Auth */ = {
			isa = PBXGroup;
			children = (
				99A2215F1DC07B4E00E5F369 /* OauthModel.swift */,
				99339D001DE2C8BA00F3C770 /* OauthObject.swift */,
			);
			path = Auth;
			sourceTree = "<group>";
		};
		B4EDE623195A4E756F473A90 /* Pods */ = {
			isa = PBXGroup;
			children = (
				0C01FAD6D9C2AEE2E69FE6D7 /* Pods-BluedolphinPro.debug.xcconfig */,
				E3E49E2482600D4C1E724C7E /* Pods-BluedolphinPro.release.xcconfig */,
			);
			name = Pods;
			sourceTree = "<group>";
		};
/* End PBXGroup section */

/* Begin PBXNativeTarget section */
		99CACFD31DB8A1590099AA00 /* BluedolphinPro */ = {
			isa = PBXNativeTarget;
			buildConfigurationList = 99CACFE61DB8A1590099AA00 /* Build configuration list for PBXNativeTarget "BluedolphinPro" */;
			buildPhases = (
				AF6CFB31E8BA49715F022D6E /* [CP] Check Pods Manifest.lock */,
				99CACFD01DB8A1590099AA00 /* Sources */,
				99CACFD11DB8A1590099AA00 /* Frameworks */,
				99CACFD21DB8A1590099AA00 /* Resources */,
				14BE372137DC95F69CA46FDD /* [CP] Embed Pods Frameworks */,
				EC9EC5DC1D9EBAEC1CEDDBCE /* [CP] Copy Pods Resources */,
				99DD17CE1E69910D00EABBF4 /* ShellScript */,
			);
			buildRules = (
			);
			dependencies = (
			);
			name = BluedolphinPro;
			productName = BluedolphinPro;
			productReference = 99CACFD41DB8A1590099AA00 /* BluedolphinPro.app */;
			productType = "com.apple.product-type.application";
		};
/* End PBXNativeTarget section */

/* Begin PBXProject section */
		99CACFCC1DB8A1590099AA00 /* Project object */ = {
			isa = PBXProject;
			attributes = {
				LastSwiftUpdateCheck = 0800;
				LastUpgradeCheck = 0820;
				ORGANIZATIONNAME = raremediacompany;
				TargetAttributes = {
					99CACFD31DB8A1590099AA00 = {
						CreatedOnToolsVersion = 8.0;
						DevelopmentTeam = 9S8FZ5YMQ4;
						LastSwiftMigration = 0810;
						ProvisioningStyle = Manual;
						SystemCapabilities = {
							com.apple.BackgroundModes = {
								enabled = 1;
							};
							com.apple.Push = {
								enabled = 1;
							};
						};
					};
				};
			};
			buildConfigurationList = 99CACFCF1DB8A1590099AA00 /* Build configuration list for PBXProject "BluedolphinPro" */;
			compatibilityVersion = "Xcode 3.2";
			developmentRegion = English;
			hasScannedForEncodings = 0;
			knownRegions = (
				en,
				Base,
			);
			mainGroup = 99CACFCB1DB8A1590099AA00;
			productRefGroup = 99CACFD51DB8A1590099AA00 /* Products */;
			projectDirPath = "";
			projectRoot = "";
			targets = (
				99CACFD31DB8A1590099AA00 /* BluedolphinPro */,
			);
		};
/* End PBXProject section */

/* Begin PBXResourcesBuildPhase section */
		99CACFD21DB8A1590099AA00 /* Resources */ = {
			isa = PBXResourcesBuildPhase;
			buildActionMask = 2147483647;
			files = (
				991536C61DEBFF810046254C /* SourceSansPro-Regular.ttf in Resources */,
				99A721BD1DF83D890059DFBB /* AssignmentTableCell.xib in Resources */,
				99CACFE21DB8A1590099AA00 /* LaunchScreen.storyboard in Resources */,
				99CACFDF1DB8A1590099AA00 /* Assets.xcassets in Resources */,
				99CACFDD1DB8A1590099AA00 /* Main.storyboard in Resources */,
				991DCD141E8115E300A45E2E /* BarGraphTableViewCell.xib in Resources */,
				9919E14D1E2CF94C00AB4944 /* PopUpListView.xib in Resources */,
				9904114B1E027655002FCF53 /* GalleryCollectionViewCell.xib in Resources */,
				991536C51DEBFF810046254C /* SourceSansPro-Bold.ttf in Resources */,
			);
			runOnlyForDeploymentPostprocessing = 0;
		};
/* End PBXResourcesBuildPhase section */

/* Begin PBXShellScriptBuildPhase section */
		14BE372137DC95F69CA46FDD /* [CP] Embed Pods Frameworks */ = {
			isa = PBXShellScriptBuildPhase;
			buildActionMask = 2147483647;
			files = (
			);
			inputPaths = (
			);
			name = "[CP] Embed Pods Frameworks";
			outputPaths = (
			);
			runOnlyForDeploymentPostprocessing = 0;
			shellPath = /bin/sh;
			shellScript = "\"${SRCROOT}/Pods/Target Support Files/Pods-BluedolphinPro/Pods-BluedolphinPro-frameworks.sh\"\n";
			showEnvVarsInLog = 0;
		};
		99DD17CE1E69910D00EABBF4 /* ShellScript */ = {
			isa = PBXShellScriptBuildPhase;
			buildActionMask = 2147483647;
			files = (
			);
			inputPaths = (
			);
			outputPaths = (
			);
			runOnlyForDeploymentPostprocessing = 0;
			shellPath = /bin/sh;
			shellScript = "\"${PODS_ROOT}/Fabric/run\" 5857ec4ab63bb27747170de227ce1939eef5164d 786f0ec1cd14458056d598836a7c3b368cad85e34e725bb0bc1fd6cb32de0efa";
		};
		AF6CFB31E8BA49715F022D6E /* [CP] Check Pods Manifest.lock */ = {
			isa = PBXShellScriptBuildPhase;
			buildActionMask = 2147483647;
			files = (
			);
			inputPaths = (
			);
			name = "[CP] Check Pods Manifest.lock";
			outputPaths = (
			);
			runOnlyForDeploymentPostprocessing = 0;
			shellPath = /bin/sh;
			shellScript = "diff \"${PODS_ROOT}/../Podfile.lock\" \"${PODS_ROOT}/Manifest.lock\" > /dev/null\nif [ $? != 0 ] ; then\n    # print error to STDERR\n    echo \"error: The sandbox is not in sync with the Podfile.lock. Run 'pod install' or update your CocoaPods installation.\" >&2\n    exit 1\nfi\n";
			showEnvVarsInLog = 0;
		};
		EC9EC5DC1D9EBAEC1CEDDBCE /* [CP] Copy Pods Resources */ = {
			isa = PBXShellScriptBuildPhase;
			buildActionMask = 2147483647;
			files = (
			);
			inputPaths = (
			);
			name = "[CP] Copy Pods Resources";
			outputPaths = (
			);
			runOnlyForDeploymentPostprocessing = 0;
			shellPath = /bin/sh;
			shellScript = "\"${SRCROOT}/Pods/Target Support Files/Pods-BluedolphinPro/Pods-BluedolphinPro-resources.sh\"\n";
			showEnvVarsInLog = 0;
		};
/* End PBXShellScriptBuildPhase section */

/* Begin PBXSourcesBuildPhase section */
		99CACFD01DB8A1590099AA00 /* Sources */ = {
			isa = PBXSourcesBuildPhase;
			buildActionMask = 2147483647;
			files = (
				994FF91E1DC9B5D000276B97 /* AssignmentModel.swift in Sources */,
				9918E8851DDD9CF1000376CF /* ErrorMessage.swift in Sources */,
				99339F711DE6EE4C00F3C770 /* TabView.swift in Sources */,
				994FF9201DCA173800276B97 /* Extensions.swift in Sources */,
				99CACFDA1DB8A1590099AA00 /* ViewController.swift in Sources */,
				99339D031DE2D5B700F3C770 /* Enums.swift in Sources */,
				99CACFD81DB8A1590099AA00 /* AppDelegate.swift in Sources */,
				99CBC7BB1E23A630005F0D67 /* BluetoothManager.swift in Sources */,
				992086A71DCCC0850055C6BF /* GlobalSDKFunction.swift in Sources */,
				9918E8811DDD7B42000376CF /* HomeViewController.swift in Sources */,
				99BD3E1D1DD326CA0066C07B /* CoreLocationManager.swift in Sources */,
				99EB0EB01E373354000CF3B1 /* ProjectSingelton.swift in Sources */,
				99A2215E1DBF80C400E5F369 /* SdkConstant.swift in Sources */,
				994FF92C1DCB39DB00276B97 /* SDKSingelton.swift in Sources */,
				990935831E30DAC100A42108 /* SSRadioButtonsController.swift in Sources */,
				9902CF501DBF31B900692824 /* UserModel.swift in Sources */,
				990935821E30DAC100A42108 /* SSRadioButton.swift in Sources */,
				991536C11DEBF8390046254C /* CustomNavView.swift in Sources */,
				9931B53F1E5C6BCF002B79E6 /* iBeaconAdvertisement.swift in Sources */,
				9902CF301DBE163A00692824 /* NetworkClass.swift in Sources */,
				997197521DFED308008834DD /* OTPViewController.swift in Sources */,
				99339F671DE5B38B00F3C770 /* AssignmentObject.swift in Sources */,
				9919E14B1E2CF93200AB4944 /* PopUpListView.swift in Sources */,
				991EE2641E3F0D1300E4A00D /* VicinityManager.swift in Sources */,
				99339D011DE2C8BA00F3C770 /* OauthObject.swift in Sources */,
				99A721DF1DFA6EF00059DFBB /* AwsManager.swift in Sources */,
				994FF91C1DC8BA2E00276B97 /* CheckinModel.swift in Sources */,
				991A6D891DED6EC8004D1355 /* AssignmentDetailViewController.swift in Sources */,
				9931B5431E5DA604002B79E6 /* VirtualViewController.swift in Sources */,
				998E46E81E0A3987001045A3 /* AssignmentHolderClass.swift in Sources */,
				990411451E02738E002FCF53 /* PhotoViewController.swift in Sources */,
				99EBC8A51E7BB67300D02EC0 /* DraftTableViewController.swift in Sources */,
				99A721E11DFAC4F70059DFBB /* BottomBar.swift in Sources */,
				99A509C81E0166BD00688FAF /* CustomPhotoAlbum.swift in Sources */,
				99EBC8A31E7A71DF00D02EC0 /* DraftObject.swift in Sources */,
				99CBC7BD1E23A630005F0D67 /* IbeaconManager.swift in Sources */,
				991536991DE6F95D0046254C /* AppConstant.swift in Sources */,
				99A721B91DF7FF370059DFBB /* SearchViewController.swift in Sources */,
				99927C311DFFC8C800131027 /* ScratchPad.swift in Sources */,
				991DCD131E8115E300A45E2E /* BarGraphTableViewCell.swift in Sources */,
				9904114A1E027655002FCF53 /* GalleryCollectionViewCell.swift in Sources */,
				99A273261E44B54C00ABE746 /* GoogleHelper.swift in Sources */,
				99A721BC1DF83D890059DFBB /* AssignmentTableCell.swift in Sources */,
				991A6D8B1DEEAEDB004D1355 /* TimeLineTableViewCell.swift in Sources */,
				991B468E1DF027FA0012D8DC /* Loader.swift in Sources */,
				9919E1491E2CA0B800AB4944 /* BeaconObject.swift in Sources */,
				991B468C1DF00AF10012D8DC /* LocalExtensions.swift in Sources */,
				99369CF71DF036C200B405E4 /* MainViewController.swift in Sources */,
				99DDC1A31DF6BA4B001BD0DB /* PlaceMarker.swift in Sources */,
				99A221601DC07B4E00E5F369 /* OauthModel.swift in Sources */,
				9971974B1DFE7E82008834DD /* SelfAssignmentViewController.swift in Sources */,
				99339F6B1DE6D8AC00F3C770 /* AssignmentViewController.swift in Sources */,
				9919E1771E2F96BE00AB4944 /* FilterViewController.swift in Sources */,
				990BE8691E03F98A0038F0AF /* LoginModel.swift in Sources */,
				990BE86B1E040BC10038F0AF /* RootViewController.swift in Sources */,
				9918E8831DDD7C4E000376CF /* KeyChainWrapper.swift in Sources */,
				991A6D871DED5028004D1355 /* CommonFunction.swift in Sources */,
				9918E87E1DDC2C30000376CF /* CheckinHolderClass.swift in Sources */,
				99F2CD141E8BB0DD00B2ECA7 /* MarkAttendanceViewController.swift in Sources */,
				99DE94781E9C9E0C00590047 /* BluedolphinManager.swift in Sources */,
				991F09331E0B069200539473 /* CreateAssignmentViewController.swift in Sources */,
				99CBC7BC1E23A630005F0D67 /* Ibeacon.swift in Sources */,
				99927C331DFFD38C00131027 /* AddNotesViewController.swift in Sources */,
				991DCD0C1E7FF51D00A45E2E /* BaseAnaltyics.swift in Sources */,
				99A273241E44B36600ABE746 /* AddressSearchViewController.swift in Sources */,
				99339CFF1DE2C86000F3C770 /* CheckinObject.swift in Sources */,
				99927C351DFFD91700131027 /* SignatureViewController.swift in Sources */,
				991DCD0E1E7FF6A800A45E2E /* BaseAnalticsViewController.swift in Sources */,
				990411471E027630002FCF53 /* GalleryViewController.swift in Sources */,
				997197501DFED115008834DD /* OTPView.swift in Sources */,
				99BD3E1F1DDAE95C0066C07B /* Reachability.swift in Sources */,
			);
			runOnlyForDeploymentPostprocessing = 0;
		};
/* End PBXSourcesBuildPhase section */

/* Begin PBXVariantGroup section */
		99CACFDB1DB8A1590099AA00 /* Main.storyboard */ = {
			isa = PBXVariantGroup;
			children = (
				99CACFDC1DB8A1590099AA00 /* Base */,
			);
			name = Main.storyboard;
			path = .;
			sourceTree = "<group>";
		};
		99CACFE01DB8A1590099AA00 /* LaunchScreen.storyboard */ = {
			isa = PBXVariantGroup;
			children = (
				99CACFE11DB8A1590099AA00 /* Base */,
			);
			name = LaunchScreen.storyboard;
			path = .;
			sourceTree = "<group>";
		};
/* End PBXVariantGroup section */

/* Begin XCBuildConfiguration section */
		99CACFE41DB8A1590099AA00 /* Debug */ = {
			isa = XCBuildConfiguration;
			buildSettings = {
				ALWAYS_SEARCH_USER_PATHS = NO;
				CLANG_ANALYZER_NONNULL = YES;
				CLANG_CXX_LANGUAGE_STANDARD = "gnu++0x";
				CLANG_CXX_LIBRARY = "libc++";
				CLANG_ENABLE_MODULES = YES;
				CLANG_ENABLE_OBJC_ARC = YES;
				CLANG_WARN_BOOL_CONVERSION = YES;
				CLANG_WARN_CONSTANT_CONVERSION = YES;
				CLANG_WARN_DIRECT_OBJC_ISA_USAGE = YES_ERROR;
				CLANG_WARN_DOCUMENTATION_COMMENTS = YES;
				CLANG_WARN_EMPTY_BODY = YES;
				CLANG_WARN_ENUM_CONVERSION = YES;
				CLANG_WARN_INFINITE_RECURSION = YES;
				CLANG_WARN_INT_CONVERSION = YES;
				CLANG_WARN_OBJC_ROOT_CLASS = YES_ERROR;
				CLANG_WARN_SUSPICIOUS_MOVE = YES;
				CLANG_WARN_SUSPICIOUS_MOVES = YES;
				CLANG_WARN_UNREACHABLE_CODE = YES;
				CLANG_WARN__DUPLICATE_METHOD_MATCH = YES;
				CODE_SIGN_IDENTITY = "iPhone Developer: Mayank Saini (33HB2NJ63C)";
				"CODE_SIGN_IDENTITY[sdk=iphoneos*]" = "iPhone Developer: Mayank Saini (33HB2NJ63C)";
				COPY_PHASE_STRIP = NO;
				DEBUG_INFORMATION_FORMAT = dwarf;
				ENABLE_STRICT_OBJC_MSGSEND = YES;
				ENABLE_TESTABILITY = YES;
				GCC_C_LANGUAGE_STANDARD = gnu99;
				GCC_DYNAMIC_NO_PIC = NO;
				GCC_NO_COMMON_BLOCKS = YES;
				GCC_OPTIMIZATION_LEVEL = 0;
				GCC_PREPROCESSOR_DEFINITIONS = (
					"DEBUG=1",
					"$(inherited)",
				);
				GCC_WARN_64_TO_32_BIT_CONVERSION = YES;
				GCC_WARN_ABOUT_RETURN_TYPE = YES_ERROR;
				GCC_WARN_UNDECLARED_SELECTOR = YES;
				GCC_WARN_UNINITIALIZED_AUTOS = YES_AGGRESSIVE;
				GCC_WARN_UNUSED_FUNCTION = YES;
				GCC_WARN_UNUSED_VARIABLE = YES;
				IPHONEOS_DEPLOYMENT_TARGET = 10.0;
				MTL_ENABLE_DEBUG_INFO = YES;
				ONLY_ACTIVE_ARCH = YES;
				SDKROOT = iphoneos;
				SWIFT_ACTIVE_COMPILATION_CONDITIONS = DEBUG;
				SWIFT_OPTIMIZATION_LEVEL = "-Onone";
			};
			name = Debug;
		};
		99CACFE51DB8A1590099AA00 /* Release */ = {
			isa = XCBuildConfiguration;
			buildSettings = {
				ALWAYS_SEARCH_USER_PATHS = NO;
				CLANG_ANALYZER_NONNULL = YES;
				CLANG_CXX_LANGUAGE_STANDARD = "gnu++0x";
				CLANG_CXX_LIBRARY = "libc++";
				CLANG_ENABLE_MODULES = YES;
				CLANG_ENABLE_OBJC_ARC = YES;
				CLANG_WARN_BOOL_CONVERSION = YES;
				CLANG_WARN_CONSTANT_CONVERSION = YES;
				CLANG_WARN_DIRECT_OBJC_ISA_USAGE = YES_ERROR;
				CLANG_WARN_DOCUMENTATION_COMMENTS = YES;
				CLANG_WARN_EMPTY_BODY = YES;
				CLANG_WARN_ENUM_CONVERSION = YES;
				CLANG_WARN_INFINITE_RECURSION = YES;
				CLANG_WARN_INT_CONVERSION = YES;
				CLANG_WARN_OBJC_ROOT_CLASS = YES_ERROR;
				CLANG_WARN_SUSPICIOUS_MOVE = YES;
				CLANG_WARN_SUSPICIOUS_MOVES = YES;
				CLANG_WARN_UNREACHABLE_CODE = YES;
				CLANG_WARN__DUPLICATE_METHOD_MATCH = YES;
				CODE_SIGN_IDENTITY = "iPhone Developer: Mayank Saini (33HB2NJ63C)";
				"CODE_SIGN_IDENTITY[sdk=iphoneos*]" = "iPhone Developer: Mayank Saini (33HB2NJ63C)";
				COPY_PHASE_STRIP = NO;
				DEBUG_INFORMATION_FORMAT = "dwarf-with-dsym";
				ENABLE_NS_ASSERTIONS = NO;
				ENABLE_STRICT_OBJC_MSGSEND = YES;
				GCC_C_LANGUAGE_STANDARD = gnu99;
				GCC_NO_COMMON_BLOCKS = YES;
				GCC_WARN_64_TO_32_BIT_CONVERSION = YES;
				GCC_WARN_ABOUT_RETURN_TYPE = YES_ERROR;
				GCC_WARN_UNDECLARED_SELECTOR = YES;
				GCC_WARN_UNINITIALIZED_AUTOS = YES_AGGRESSIVE;
				GCC_WARN_UNUSED_FUNCTION = YES;
				GCC_WARN_UNUSED_VARIABLE = YES;
				IPHONEOS_DEPLOYMENT_TARGET = 10.0;
				MTL_ENABLE_DEBUG_INFO = NO;
				SDKROOT = iphoneos;
				SWIFT_OPTIMIZATION_LEVEL = "-Owholemodule";
				VALIDATE_PRODUCT = YES;
			};
			name = Release;
		};
		99CACFE71DB8A1590099AA00 /* Debug */ = {
			isa = XCBuildConfiguration;
			baseConfigurationReference = 0C01FAD6D9C2AEE2E69FE6D7 /* Pods-BluedolphinPro.debug.xcconfig */;
			buildSettings = {
				ALWAYS_EMBED_SWIFT_STANDARD_LIBRARIES = YES;
				ASSETCATALOG_COMPILER_APPICON_NAME = AppIcon;
				CLANG_ENABLE_MODULES = YES;
				CODE_SIGN_ENTITLEMENTS = BluedolphinPro/Wired/BluedolphinPro.entitlements;
				CODE_SIGN_IDENTITY = "iPhone Developer: Mayank Saini (33HB2NJ63C)";
				"CODE_SIGN_IDENTITY[sdk=iphoneos*]" = "iPhone Developer: Mayank Saini (33HB2NJ63C)";
				DEVELOPMENT_TEAM = 9S8FZ5YMQ4;
				FRAMEWORK_SEARCH_PATHS = (
					"$(inherited)",
					"$(PROJECT_DIR)",
				);
				INFOPLIST_FILE = BluedolphinPro/Wired/Info.plist;
				IPHONEOS_DEPLOYMENT_TARGET = 10.0;
				LD_RUNPATH_SEARCH_PATHS = "$(inherited) @executable_path/Frameworks";
				PRODUCT_BUNDLE_IDENTIFIER = com.raremediacompany.BluedolphinPro;
				PRODUCT_NAME = "$(TARGET_NAME)";
				PROVISIONING_PROFILE = "b1649279-4b3a-467e-adfd-27e6f20c3f65";
				PROVISIONING_PROFILE_SPECIFIER = BluedolphinProDev;
				SWIFT_OBJC_BRIDGING_HEADER = "BluedolphinPro/Wired/BluedolphinPro-Bridging-Header.h";
				SWIFT_OPTIMIZATION_LEVEL = "-Onone";
				SWIFT_VERSION = 3.0;
			};
			name = Debug;
		};
		99CACFE81DB8A1590099AA00 /* Release */ = {
			isa = XCBuildConfiguration;
			baseConfigurationReference = E3E49E2482600D4C1E724C7E /* Pods-BluedolphinPro.release.xcconfig */;
			buildSettings = {
				ALWAYS_EMBED_SWIFT_STANDARD_LIBRARIES = YES;
				ASSETCATALOG_COMPILER_APPICON_NAME = AppIcon;
				CLANG_ENABLE_MODULES = YES;
				CODE_SIGN_ENTITLEMENTS = BluedolphinPro/Wired/BluedolphinPro.entitlements;
				CODE_SIGN_IDENTITY = "iPhone Developer: Mayank Saini (33HB2NJ63C)";
				"CODE_SIGN_IDENTITY[sdk=iphoneos*]" = "iPhone Developer: Mayank Saini (33HB2NJ63C)";
				DEVELOPMENT_TEAM = 9S8FZ5YMQ4;
				FRAMEWORK_SEARCH_PATHS = (
					"$(inherited)",
					"$(PROJECT_DIR)",
				);
				INFOPLIST_FILE = BluedolphinPro/Wired/Info.plist;
				IPHONEOS_DEPLOYMENT_TARGET = 10.0;
				LD_RUNPATH_SEARCH_PATHS = "$(inherited) @executable_path/Frameworks";
				PRODUCT_BUNDLE_IDENTIFIER = com.raremediacompany.BluedolphinPro;
				PRODUCT_NAME = "$(TARGET_NAME)";
				PROVISIONING_PROFILE = "b1649279-4b3a-467e-adfd-27e6f20c3f65";
				PROVISIONING_PROFILE_SPECIFIER = BluedolphinProDev;
				SWIFT_OBJC_BRIDGING_HEADER = "BluedolphinPro/Wired/BluedolphinPro-Bridging-Header.h";
				SWIFT_VERSION = 3.0;
			};
			name = Release;
		};
/* End XCBuildConfiguration section */

/* Begin XCConfigurationList section */
		99CACFCF1DB8A1590099AA00 /* Build configuration list for PBXProject "BluedolphinPro" */ = {
			isa = XCConfigurationList;
			buildConfigurations = (
				99CACFE41DB8A1590099AA00 /* Debug */,
				99CACFE51DB8A1590099AA00 /* Release */,
			);
			defaultConfigurationIsVisible = 0;
			defaultConfigurationName = Release;
		};
		99CACFE61DB8A1590099AA00 /* Build configuration list for PBXNativeTarget "BluedolphinPro" */ = {
			isa = XCConfigurationList;
			buildConfigurations = (
				99CACFE71DB8A1590099AA00 /* Debug */,
				99CACFE81DB8A1590099AA00 /* Release */,
			);
			defaultConfigurationIsVisible = 0;
			defaultConfigurationName = Release;
		};
/* End XCConfigurationList section */
	};
	rootObject = 99CACFCC1DB8A1590099AA00 /* Project object */;
}
